
Microsoft Visual Studio Solution File, Format Version 12.00
# Visual Studio Version 17
VisualStudioVersion = 17.9.34701.34
MinimumVisualStudioVersion = 10.0.40219.1
Project("{9A19103F-16F7-4668-BE54-9A1E7A4F7556}") = "FinalProject", "FinalProject.csproj", "{13A57AB6-AEA9-49A7-BAC9-6A9B08FF7185}"
EndProject
Global
	GlobalSection(SolutionConfigurationPlatforms) = preSolution
		Debug|Any CPU = Debug|Any CPU
		Release|Any CPU = Release|Any CPU
	EndGlobalSection
	GlobalSection(ProjectConfigurationPlatforms) = postSolution
		{13A57AB6-AEA9-49A7-BAC9-6A9B08FF7185}.Debug|Any CPU.ActiveCfg = Debug|Any CPU
		{13A57AB6-AEA9-49A7-BAC9-6A9B08FF7185}.Debug|Any CPU.Build.0 = Debug|Any CPU
		{13A57AB6-AEA9-49A7-BAC9-6A9B08FF7185}.Release|Any CPU.ActiveCfg = Release|Any CPU
		{13A57AB6-AEA9-49A7-BAC9-6A9B08FF7185}.Release|Any CPU.Build.0 = Release|Any CPU
	EndGlobalSection
	GlobalSection(SolutionProperties) = preSolution
		HideSolutionNode = FALSE
	EndGlobalSection
	GlobalSection(ExtensibilityGlobals) = postSolution
		SolutionGuid = {C3FFD083-DF3E-4538-9F78-1106E857F212}
	EndGlobalSection
EndGlobal
